
Microsoft Visual Studio Solution File, Format Version 12.00
# Visual Studio 14
VisualStudioVersion = 14.0.25420.1
MinimumVisualStudioVersion = 10.0.40219.1
Project("{FAE04EC0-301F-11D3-BF4B-00C04F79EFBC}") = "QBdd", "QBdd\QBdd.csproj", "{76D2EB54-E55F-47D6-BA48-30543C75DC30}"
EndProject
Project("{FAE04EC0-301F-11D3-BF4B-00C04F79EFBC}") = "QBdd.Tests", "QBdd.Tests\QBdd.Tests.csproj", "{1D4656A6-FC7E-4600-A32D-F91EA6895851}"
EndProject
Global
	GlobalSection(SolutionConfigurationPlatforms) = preSolution
		Debug|Any CPU = Debug|Any CPU
		Release|Any CPU = Release|Any CPU
	EndGlobalSection
	GlobalSection(ProjectConfigurationPlatforms) = postSolution
		{76D2EB54-E55F-47D6-BA48-30543C75DC30}.Debug|Any CPU.ActiveCfg = Debug|Any CPU
		{76D2EB54-E55F-47D6-BA48-30543C75DC30}.Debug|Any CPU.Build.0 = Debug|Any CPU
		{76D2EB54-E55F-47D6-BA48-30543C75DC30}.Release|Any CPU.ActiveCfg = Release|Any CPU
		{76D2EB54-E55F-47D6-BA48-30543C75DC30}.Release|Any CPU.Build.0 = Release|Any CPU
		{1D4656A6-FC7E-4600-A32D-F91EA6895851}.Debug|Any CPU.ActiveCfg = Debug|Any CPU
		{1D4656A6-FC7E-4600-A32D-F91EA6895851}.Debug|Any CPU.Build.0 = Debug|Any CPU
		{1D4656A6-FC7E-4600-A32D-F91EA6895851}.Release|Any CPU.ActiveCfg = Release|Any CPU
		{1D4656A6-FC7E-4600-A32D-F91EA6895851}.Release|Any CPU.Build.0 = Release|Any CPU
	EndGlobalSection
	GlobalSection(SolutionProperties) = preSolution
		HideSolutionNode = FALSE
	EndGlobalSection
EndGlobal
